
Microsoft Visual Studio Solution File, Format Version 12.00
# Visual Studio Version 16
VisualStudioVersion = 16.0.28315.86
MinimumVisualStudioVersion = 10.0.40219.1
Project("{2150E333-8FDC-42A3-9474-1A3956D46DE8}") = "Engine", "Engine", "{D7DB75E7-D120-4C46-A6D0-6B720547CDD8}"
EndProject
Project("{2150E333-8FDC-42A3-9474-1A3956D46DE8}") = "Games", "Games", "{F67025F8-D360-44FB-A16A-A50DC5C99974}"
EndProject
Project("{8BC9CEB8-8B4A-11D0-8D11-00A0C91BC942}") = "UE4", "Intermediate\ProjectFiles\UE4.vcxproj", "{6399BC7B-4D76-4870-A9CB-127832CFE6A5}"
EndProject
Project("{8BC9CEB8-8B4A-11D0-8D11-00A0C91BC942}") = "ue4_fade2d_test", "Intermediate\ProjectFiles\ue4_fade2d_test.vcxproj", "{1EE39909-7E17-4FAB-9BE3-C44A199E8916}"
EndProject
Project("{2150E333-8FDC-42A3-9474-1A3956D46DE8}") = "Visualizers", "Visualizers", "{44AD2920-4EF6-47C5-B019-7EE28DE06649}"
	ProjectSection(SolutionItems) = preProject
		C:\Program Files\Epic Games\UE_4.24\Engine\Extras\VisualStudioDebugging\UE4.natvis = C:\Program Files\Epic Games\UE_4.24\Engine\Extras\VisualStudioDebugging\UE4.natvis
	EndProjectSection
EndProject
Global
	GlobalSection(SolutionConfigurationPlatforms) = preSolution
		DebugGame Editor|Win32 = DebugGame Editor|Win32
		DebugGame Editor|Win64 = DebugGame Editor|Win64
		DebugGame|Win32 = DebugGame|Win32
		DebugGame|Win64 = DebugGame|Win64
		Development Editor|Win32 = Development Editor|Win32
		Development Editor|Win64 = Development Editor|Win64
		Development|Win32 = Development|Win32
		Development|Win64 = Development|Win64
		Shipping|Win32 = Shipping|Win32
		Shipping|Win64 = Shipping|Win64
	EndGlobalSection
	GlobalSection(ProjectConfigurationPlatforms) = postSolution
		{6399BC7B-4D76-4870-A9CB-127832CFE6A5}.DebugGame Editor|Win32.ActiveCfg = BuiltWithUnrealBuildTool|Win32
		{6399BC7B-4D76-4870-A9CB-127832CFE6A5}.DebugGame Editor|Win64.ActiveCfg = BuiltWithUnrealBuildTool|Win32
		{6399BC7B-4D76-4870-A9CB-127832CFE6A5}.DebugGame|Win32.ActiveCfg = BuiltWithUnrealBuildTool|Win32
		{6399BC7B-4D76-4870-A9CB-127832CFE6A5}.DebugGame|Win64.ActiveCfg = BuiltWithUnrealBuildTool|Win32
		{6399BC7B-4D76-4870-A9CB-127832CFE6A5}.Development Editor|Win32.ActiveCfg = BuiltWithUnrealBuildTool|Win32
		{6399BC7B-4D76-4870-A9CB-127832CFE6A5}.Development Editor|Win64.ActiveCfg = BuiltWithUnrealBuildTool|Win32
		{6399BC7B-4D76-4870-A9CB-127832CFE6A5}.Development|Win32.ActiveCfg = BuiltWithUnrealBuildTool|Win32
		{6399BC7B-4D76-4870-A9CB-127832CFE6A5}.Development|Win64.ActiveCfg = BuiltWithUnrealBuildTool|Win32
		{6399BC7B-4D76-4870-A9CB-127832CFE6A5}.Shipping|Win32.ActiveCfg = BuiltWithUnrealBuildTool|Win32
		{6399BC7B-4D76-4870-A9CB-127832CFE6A5}.Shipping|Win64.ActiveCfg = BuiltWithUnrealBuildTool|Win32
		{1EE39909-7E17-4FAB-9BE3-C44A199E8916}.DebugGame Editor|Win32.ActiveCfg = Invalid|Win32
		{1EE39909-7E17-4FAB-9BE3-C44A199E8916}.DebugGame Editor|Win64.ActiveCfg = DebugGame_Editor|x64
		{1EE39909-7E17-4FAB-9BE3-C44A199E8916}.DebugGame Editor|Win64.Build.0 = DebugGame_Editor|x64
		{1EE39909-7E17-4FAB-9BE3-C44A199E8916}.DebugGame|Win32.ActiveCfg = DebugGame|Win32
		{1EE39909-7E17-4FAB-9BE3-C44A199E8916}.DebugGame|Win32.Build.0 = DebugGame|Win32
		{1EE39909-7E17-4FAB-9BE3-C44A199E8916}.DebugGame|Win64.ActiveCfg = DebugGame|x64
		{1EE39909-7E17-4FAB-9BE3-C44A199E8916}.DebugGame|Win64.Build.0 = DebugGame|x64
		{1EE39909-7E17-4FAB-9BE3-C44A199E8916}.Development Editor|Win32.ActiveCfg = Invalid|Win32
		{1EE39909-7E17-4FAB-9BE3-C44A199E8916}.Development Editor|Win64.ActiveCfg = Development_Editor|x64
		{1EE39909-7E17-4FAB-9BE3-C44A199E8916}.Development Editor|Win64.Build.0 = Development_Editor|x64
		{1EE39909-7E17-4FAB-9BE3-C44A199E8916}.Development|Win32.ActiveCfg = Development|Win32
		{1EE39909-7E17-4FAB-9BE3-C44A199E8916}.Development|Win32.Build.0 = Development|Win32
		{1EE39909-7E17-4FAB-9BE3-C44A199E8916}.Development|Win64.ActiveCfg = Development|x64
		{1EE39909-7E17-4FAB-9BE3-C44A199E8916}.Development|Win64.Build.0 = Development|x64
		{1EE39909-7E17-4FAB-9BE3-C44A199E8916}.Shipping|Win32.ActiveCfg = Shipping|Win32
		{1EE39909-7E17-4FAB-9BE3-C44A199E8916}.Shipping|Win32.Build.0 = Shipping|Win32
		{1EE39909-7E17-4FAB-9BE3-C44A199E8916}.Shipping|Win64.ActiveCfg = Shipping|x64
		{1EE39909-7E17-4FAB-9BE3-C44A199E8916}.Shipping|Win64.Build.0 = Shipping|x64
	EndGlobalSection
	GlobalSection(SolutionProperties) = preSolution
		HideSolutionNode = FALSE
	EndGlobalSection
	GlobalSection(NestedProjects) = preSolution
		{6399BC7B-4D76-4870-A9CB-127832CFE6A5} = {D7DB75E7-D120-4C46-A6D0-6B720547CDD8}
		{1EE39909-7E17-4FAB-9BE3-C44A199E8916} = {F67025F8-D360-44FB-A16A-A50DC5C99974}
	EndGlobalSection
EndGlobal
