
Microsoft Visual Studio Solution File, Format Version 12.00
# Visual Studio Version 16
VisualStudioVersion = 16.0.28315.86
MinimumVisualStudioVersion = 10.0.40219.1
Project("{2150E333-8FDC-42A3-9474-1A3956D46DE8}") = "Engine", "Engine", "{1C37B13E-D9A9-4F12-937A-B0187CDF861A}"
EndProject
Project("{2150E333-8FDC-42A3-9474-1A3956D46DE8}") = "Games", "Games", "{715CFBCA-C1F9-49F0-9EB2-46538EDC623C}"
EndProject
Project("{8BC9CEB8-8B4A-11D0-8D11-00A0C91BC942}") = "UE4", "Intermediate\ProjectFiles\UE4.vcxproj", "{8ED0CF4C-3BF8-4016-B520-BA22FE601A6C}"
EndProject
Project("{8BC9CEB8-8B4A-11D0-8D11-00A0C91BC942}") = "ue4_fade2d_test", "Intermediate\ProjectFiles\ue4_fade2d_test.vcxproj", "{34CD800B-3B51-4F29-B46E-DB07F27FDE45}"
EndProject
Project("{2150E333-8FDC-42A3-9474-1A3956D46DE8}") = "Visualizers", "Visualizers", "{3D77B728-446E-415C-95B1-64C4A7EA8D8C}"
	ProjectSection(SolutionItems) = preProject
		C:\Program Files\Epic Games\UE_4.24\Engine\Extras\VisualStudioDebugging\UE4.natvis = C:\Program Files\Epic Games\UE_4.24\Engine\Extras\VisualStudioDebugging\UE4.natvis
	EndProjectSection
EndProject
Global
	GlobalSection(SolutionConfigurationPlatforms) = preSolution
		DebugGame Editor|Win32 = DebugGame Editor|Win32
		DebugGame Editor|Win64 = DebugGame Editor|Win64
		DebugGame|Win32 = DebugGame|Win32
		DebugGame|Win64 = DebugGame|Win64
		Development Editor|Win32 = Development Editor|Win32
		Development Editor|Win64 = Development Editor|Win64
		Development|Win32 = Development|Win32
		Development|Win64 = Development|Win64
		Shipping|Win32 = Shipping|Win32
		Shipping|Win64 = Shipping|Win64
	EndGlobalSection
	GlobalSection(ProjectConfigurationPlatforms) = postSolution
		{8ED0CF4C-3BF8-4016-B520-BA22FE601A6C}.DebugGame Editor|Win32.ActiveCfg = BuiltWithUnrealBuildTool|Win32
		{8ED0CF4C-3BF8-4016-B520-BA22FE601A6C}.DebugGame Editor|Win64.ActiveCfg = BuiltWithUnrealBuildTool|Win32
		{8ED0CF4C-3BF8-4016-B520-BA22FE601A6C}.DebugGame|Win32.ActiveCfg = BuiltWithUnrealBuildTool|Win32
		{8ED0CF4C-3BF8-4016-B520-BA22FE601A6C}.DebugGame|Win64.ActiveCfg = BuiltWithUnrealBuildTool|Win32
		{8ED0CF4C-3BF8-4016-B520-BA22FE601A6C}.Development Editor|Win32.ActiveCfg = BuiltWithUnrealBuildTool|Win32
		{8ED0CF4C-3BF8-4016-B520-BA22FE601A6C}.Development Editor|Win64.ActiveCfg = BuiltWithUnrealBuildTool|Win32
		{8ED0CF4C-3BF8-4016-B520-BA22FE601A6C}.Development|Win32.ActiveCfg = BuiltWithUnrealBuildTool|Win32
		{8ED0CF4C-3BF8-4016-B520-BA22FE601A6C}.Development|Win64.ActiveCfg = BuiltWithUnrealBuildTool|Win32
		{8ED0CF4C-3BF8-4016-B520-BA22FE601A6C}.Shipping|Win32.ActiveCfg = BuiltWithUnrealBuildTool|Win32
		{8ED0CF4C-3BF8-4016-B520-BA22FE601A6C}.Shipping|Win64.ActiveCfg = BuiltWithUnrealBuildTool|Win32
		{34CD800B-3B51-4F29-B46E-DB07F27FDE45}.DebugGame Editor|Win32.ActiveCfg = Invalid|Win32
		{34CD800B-3B51-4F29-B46E-DB07F27FDE45}.DebugGame Editor|Win64.ActiveCfg = DebugGame_Editor|x64
		{34CD800B-3B51-4F29-B46E-DB07F27FDE45}.DebugGame Editor|Win64.Build.0 = DebugGame_Editor|x64
		{34CD800B-3B51-4F29-B46E-DB07F27FDE45}.DebugGame|Win32.ActiveCfg = DebugGame|Win32
		{34CD800B-3B51-4F29-B46E-DB07F27FDE45}.DebugGame|Win32.Build.0 = DebugGame|Win32
		{34CD800B-3B51-4F29-B46E-DB07F27FDE45}.DebugGame|Win64.ActiveCfg = DebugGame|x64
		{34CD800B-3B51-4F29-B46E-DB07F27FDE45}.DebugGame|Win64.Build.0 = DebugGame|x64
		{34CD800B-3B51-4F29-B46E-DB07F27FDE45}.Development Editor|Win32.ActiveCfg = Invalid|Win32
		{34CD800B-3B51-4F29-B46E-DB07F27FDE45}.Development Editor|Win64.ActiveCfg = Development_Editor|x64
		{34CD800B-3B51-4F29-B46E-DB07F27FDE45}.Development Editor|Win64.Build.0 = Development_Editor|x64
		{34CD800B-3B51-4F29-B46E-DB07F27FDE45}.Development|Win32.ActiveCfg = Development|Win32
		{34CD800B-3B51-4F29-B46E-DB07F27FDE45}.Development|Win32.Build.0 = Development|Win32
		{34CD800B-3B51-4F29-B46E-DB07F27FDE45}.Development|Win64.ActiveCfg = Development|x64
		{34CD800B-3B51-4F29-B46E-DB07F27FDE45}.Development|Win64.Build.0 = Development|x64
		{34CD800B-3B51-4F29-B46E-DB07F27FDE45}.Shipping|Win32.ActiveCfg = Shipping|Win32
		{34CD800B-3B51-4F29-B46E-DB07F27FDE45}.Shipping|Win32.Build.0 = Shipping|Win32
		{34CD800B-3B51-4F29-B46E-DB07F27FDE45}.Shipping|Win64.ActiveCfg = Shipping|x64
		{34CD800B-3B51-4F29-B46E-DB07F27FDE45}.Shipping|Win64.Build.0 = Shipping|x64
	EndGlobalSection
	GlobalSection(SolutionProperties) = preSolution
		HideSolutionNode = FALSE
	EndGlobalSection
	GlobalSection(NestedProjects) = preSolution
		{8ED0CF4C-3BF8-4016-B520-BA22FE601A6C} = {1C37B13E-D9A9-4F12-937A-B0187CDF861A}
		{34CD800B-3B51-4F29-B46E-DB07F27FDE45} = {715CFBCA-C1F9-49F0-9EB2-46538EDC623C}
	EndGlobalSection
EndGlobal
